
Microsoft Visual Studio Solution File, Format Version 12.00
# Visual Studio Version 17
VisualStudioVersion = 17.3.32929.385
MinimumVisualStudioVersion = 10.0.40219.1
Project("{9A19103F-16F7-4668-BE54-9A1E7A4F7556}") = "GeoDataManager", "GeodataManager\GeoDataManager.csproj", "{1DD3E409-5B2A-4CFA-B13B-5DB3801C30A3}"
EndProject
Project("{E53339B2-1760-4266-BCC7-CA923CBCF16C}") = "docker-compose", "docker-compose.dcproj", "{B1EA3D8D-9351-48FA-A3C7-47ECF74C177E}"
EndProject
Global
	GlobalSection(SolutionConfigurationPlatforms) = preSolution
		Debug|Any CPU = Debug|Any CPU
		Release|Any CPU = Release|Any CPU
	EndGlobalSection
	GlobalSection(ProjectConfigurationPlatforms) = postSolution
		{1DD3E409-5B2A-4CFA-B13B-5DB3801C30A3}.Debug|Any CPU.ActiveCfg = Debug|Any CPU
		{1DD3E409-5B2A-4CFA-B13B-5DB3801C30A3}.Debug|Any CPU.Build.0 = Debug|Any CPU
		{1DD3E409-5B2A-4CFA-B13B-5DB3801C30A3}.Release|Any CPU.ActiveCfg = Release|Any CPU
		{1DD3E409-5B2A-4CFA-B13B-5DB3801C30A3}.Release|Any CPU.Build.0 = Release|Any CPU
		{B1EA3D8D-9351-48FA-A3C7-47ECF74C177E}.Debug|Any CPU.ActiveCfg = Debug|Any CPU
		{B1EA3D8D-9351-48FA-A3C7-47ECF74C177E}.Debug|Any CPU.Build.0 = Debug|Any CPU
		{B1EA3D8D-9351-48FA-A3C7-47ECF74C177E}.Release|Any CPU.ActiveCfg = Release|Any CPU
		{B1EA3D8D-9351-48FA-A3C7-47ECF74C177E}.Release|Any CPU.Build.0 = Release|Any CPU
	EndGlobalSection
	GlobalSection(SolutionProperties) = preSolution
		HideSolutionNode = FALSE
	EndGlobalSection
	GlobalSection(ExtensibilityGlobals) = postSolution
		SolutionGuid = {65DA2A60-8557-463E-9D6C-D4F1D91DCACA}
	EndGlobalSection
EndGlobal
